
Microsoft Visual Studio Solution File, Format Version 12.00
# Visual Studio Version 16
VisualStudioVersion = 16.0.29418.71
MinimumVisualStudioVersion = 10.0.40219.1
Project("{FAE04EC0-301F-11D3-BF4B-00C04F79EFBC}") = "WebApplication", "WebApplication\WebApplication.csproj", "{5075584B-F865-4A70-931D-5A2D7460AF78}"
EndProject
Project("{E53339B2-1760-4266-BCC7-CA923CBCF16C}") = "docker-compose", "docker-compose.dcproj", "{2BF0CC4A-3081-4A77-8C2D-616941E4CBBD}"
EndProject
Global
	GlobalSection(SolutionConfigurationPlatforms) = preSolution
		Debug|Any CPU = Debug|Any CPU
		Release|Any CPU = Release|Any CPU
	EndGlobalSection
	GlobalSection(ProjectConfigurationPlatforms) = postSolution
		{5075584B-F865-4A70-931D-5A2D7460AF78}.Debug|Any CPU.ActiveCfg = Debug|Any CPU
		{5075584B-F865-4A70-931D-5A2D7460AF78}.Debug|Any CPU.Build.0 = Debug|Any CPU
		{5075584B-F865-4A70-931D-5A2D7460AF78}.Release|Any CPU.ActiveCfg = Release|Any CPU
		{5075584B-F865-4A70-931D-5A2D7460AF78}.Release|Any CPU.Build.0 = Release|Any CPU
		{2BF0CC4A-3081-4A77-8C2D-616941E4CBBD}.Debug|Any CPU.ActiveCfg = Debug|Any CPU
		{2BF0CC4A-3081-4A77-8C2D-616941E4CBBD}.Debug|Any CPU.Build.0 = Debug|Any CPU
		{2BF0CC4A-3081-4A77-8C2D-616941E4CBBD}.Release|Any CPU.ActiveCfg = Release|Any CPU
		{2BF0CC4A-3081-4A77-8C2D-616941E4CBBD}.Release|Any CPU.Build.0 = Release|Any CPU
	EndGlobalSection
	GlobalSection(SolutionProperties) = preSolution
		HideSolutionNode = FALSE
	EndGlobalSection
	GlobalSection(ExtensibilityGlobals) = postSolution
		SolutionGuid = {526ACC86-9A82-4DB7-AA48-F61683B3BA2A}
	EndGlobalSection
EndGlobal
